
Microsoft Visual Studio Solution File, Format Version 12.00
# Visual Studio Version 17
VisualStudioVersion = 17.6.33829.357
MinimumVisualStudioVersion = 10.0.40219.1
Project("{FAE04EC0-301F-11D3-BF4B-00C04F79EFBC}") = "Exercicio-II", "Exercicio-II.csproj", "{999688EB-B933-442F-86B4-2666B94616C8}"
EndProject
Global
	GlobalSection(SolutionConfigurationPlatforms) = preSolution
		Debug|Any CPU = Debug|Any CPU
		Release|Any CPU = Release|Any CPU
	EndGlobalSection
	GlobalSection(ProjectConfigurationPlatforms) = postSolution
		{999688EB-B933-442F-86B4-2666B94616C8}.Debug|Any CPU.ActiveCfg = Debug|Any CPU
		{999688EB-B933-442F-86B4-2666B94616C8}.Debug|Any CPU.Build.0 = Debug|Any CPU
		{999688EB-B933-442F-86B4-2666B94616C8}.Release|Any CPU.ActiveCfg = Release|Any CPU
		{999688EB-B933-442F-86B4-2666B94616C8}.Release|Any CPU.Build.0 = Release|Any CPU
	EndGlobalSection
	GlobalSection(SolutionProperties) = preSolution
		HideSolutionNode = FALSE
	EndGlobalSection
	GlobalSection(ExtensibilityGlobals) = postSolution
		SolutionGuid = {8E38687E-A764-4E90-A5C5-B6F17D2AF250}
	EndGlobalSection
EndGlobal
